// !$*UTF8*$!
{
	archiveVersion = 1;
	classes = {
	};
	objectVersion = 50;
	objects = {

/* Begin PBXBuildFile section */
		CC88E53626A5C00F0025F617 /* AppDelegate.swift in Sources */ = {isa = PBXBuildFile; fileRef = CC88E53526A5C00F0025F617 /* AppDelegate.swift */; };
		CC88E53826A5C00F0025F617 /* SceneDelegate.swift in Sources */ = {isa = PBXBuildFile; fileRef = CC88E53726A5C00F0025F617 /* SceneDelegate.swift */; };
		CC88E53D26A5C00F0025F617 /* Main.storyboard in Resources */ = {isa = PBXBuildFile; fileRef = CC88E53B26A5C00F0025F617 /* Main.storyboard */; };
		CC88E54026A5C00F0025F617 /* ToDoList.xcdatamodeld in Sources */ = {isa = PBXBuildFile; fileRef = CC88E53E26A5C00F0025F617 /* ToDoList.xcdatamodeld */; };
		CC88E54226A5C0170025F617 /* Assets.xcassets in Resources */ = {isa = PBXBuildFile; fileRef = CC88E54126A5C0170025F617 /* Assets.xcassets */; };
		CC88E54526A5C0170025F617 /* LaunchScreen.storyboard in Resources */ = {isa = PBXBuildFile; fileRef = CC88E54326A5C0170025F617 /* LaunchScreen.storyboard */; };
		CC88E55026A5C0180025F617 /* ToDoListTests.swift in Sources */ = {isa = PBXBuildFile; fileRef = CC88E54F26A5C0180025F617 /* ToDoListTests.swift */; };
		CC88E55B26A5C0180025F617 /* ToDoListUITests.swift in Sources */ = {isa = PBXBuildFile; fileRef = CC88E55A26A5C0180025F617 /* ToDoListUITests.swift */; };
		CC88E56926A5C54D0025F617 /* ToDoTableViewController.swift in Sources */ = {isa = PBXBuildFile; fileRef = CC88E56826A5C54D0025F617 /* ToDoTableViewController.swift */; };
		CC88E56B26A5C5D30025F617 /* ToDo.swift in Sources */ = {isa = PBXBuildFile; fileRef = CC88E56A26A5C5D30025F617 /* ToDo.swift */; };
/* End PBXBuildFile section */

/* Begin PBXContainerItemProxy section */
		CC88E54C26A5C0170025F617 /* PBXContainerItemProxy */ = {
			isa = PBXContainerItemProxy;
			containerPortal = CC88E52A26A5C00F0025F617 /* Project object */;
			proxyType = 1;
			remoteGlobalIDString = CC88E53126A5C00F0025F617;
			remoteInfo = ToDoList;
		};
		CC88E55726A5C0180025F617 /* PBXContainerItemProxy */ = {
			isa = PBXContainerItemProxy;
			containerPortal = CC88E52A26A5C00F0025F617 /* Project object */;
			proxyType = 1;
			remoteGlobalIDString = CC88E53126A5C00F0025F617;
			remoteInfo = ToDoList;
		};
/* End PBXContainerItemProxy section */

/* Begin PBXFileReference section */
		CC88E53226A5C00F0025F617 /* ToDoList.app */ = {isa = PBXFileReference; explicitFileType = wrapper.application; includeInIndex = 0; path = ToDoList.app; sourceTree = BUILT_PRODUCTS_DIR; };
		CC88E53526A5C00F0025F617 /* AppDelegate.swift */ = {isa = PBXFileReference; lastKnownFileType = sourcecode.swift; path = AppDelegate.swift; sourceTree = "<group>"; };
		CC88E53726A5C00F0025F617 /* SceneDelegate.swift */ = {isa = PBXFileReference; lastKnownFileType = sourcecode.swift; path = SceneDelegate.swift; sourceTree = "<group>"; };
		CC88E53C26A5C00F0025F617 /* Base */ = {isa = PBXFileReference; lastKnownFileType = file.storyboard; name = Base; path = Base.lproj/Main.storyboard; sourceTree = "<group>"; };
		CC88E53F26A5C00F0025F617 /* ToDoList.xcdatamodel */ = {isa = PBXFileReference; lastKnownFileType = wrapper.xcdatamodel; path = ToDoList.xcdatamodel; sourceTree = "<group>"; };
		CC88E54126A5C0170025F617 /* Assets.xcassets */ = {isa = PBXFileReference; lastKnownFileType = folder.assetcatalog; path = Assets.xcassets; sourceTree = "<group>"; };
		CC88E54426A5C0170025F617 /* Base */ = {isa = PBXFileReference; lastKnownFileType = file.storyboard; name = Base; path = Base.lproj/LaunchScreen.storyboard; sourceTree = "<group>"; };
		CC88E54626A5C0170025F617 /* Info.plist */ = {isa = PBXFileReference; lastKnownFileType = text.plist.xml; path = Info.plist; sourceTree = "<group>"; };
		CC88E54B26A5C0170025F617 /* ToDoListTests.xctest */ = {isa = PBXFileReference; explicitFileType = wrapper.cfbundle; includeInIndex = 0; path = ToDoListTests.xctest; sourceTree = BUILT_PRODUCTS_DIR; };
		CC88E54F26A5C0180025F617 /* ToDoListTests.swift */ = {isa = PBXFileReference; lastKnownFileType = sourcecode.swift; path = ToDoListTests.swift; sourceTree = "<group>"; };
		CC88E55126A5C0180025F617 /* Info.plist */ = {isa = PBXFileReference; lastKnownFileType = text.plist.xml; path = Info.plist; sourceTree = "<group>"; };
		CC88E55626A5C0180025F617 /* ToDoListUITests.xctest */ = {isa = PBXFileReference; explicitFileType = wrapper.cfbundle; includeInIndex = 0; path = ToDoListUITests.xctest; sourceTree = BUILT_PRODUCTS_DIR; };
		CC88E55A26A5C0180025F617 /* ToDoListUITests.swift */ = {isa = PBXFileReference; lastKnownFileType = sourcecode.swift; path = ToDoListUITests.swift; sourceTree = "<group>"; };
		CC88E55C26A5C0180025F617 /* Info.plist */ = {isa = PBXFileReference; lastKnownFileType = text.plist.xml; path = Info.plist; sourceTree = "<group>"; };
		CC88E56826A5C54D0025F617 /* ToDoTableViewController.swift */ = {isa = PBXFileReference; lastKnownFileType = sourcecode.swift; path = ToDoTableViewController.swift; sourceTree = "<group>"; };
		CC88E56A26A5C5D30025F617 /* ToDo.swift */ = {isa = PBXFileReference; lastKnownFileType = sourcecode.swift; path = ToDo.swift; sourceTree = "<group>"; };
/* End PBXFileReference section */

/* Begin PBXFrameworksBuildPhase section */
		CC88E52F26A5C00F0025F617 /* Frameworks */ = {
			isa = PBXFrameworksBuildPhase;
			buildActionMask = 2147483647;
			files = (
			);
			runOnlyForDeploymentPostprocessing = 0;
		};
		CC88E54826A5C0170025F617 /* Frameworks */ = {
			isa = PBXFrameworksBuildPhase;
			buildActionMask = 2147483647;
			files = (
			);
			runOnlyForDeploymentPostprocessing = 0;
		};
		CC88E55326A5C0180025F617 /* Frameworks */ = {
			isa = PBXFrameworksBuildPhase;
			buildActionMask = 2147483647;
			files = (
			);
			runOnlyForDeploymentPostprocessing = 0;
		};
/* End PBXFrameworksBuildPhase section */

/* Begin PBXGroup section */
		CC88E52926A5C00F0025F617 = {
			isa = PBXGroup;
			children = (
				CC88E53426A5C00F0025F617 /* ToDoList */,
				CC88E54E26A5C0170025F617 /* ToDoListTests */,
				CC88E55926A5C0180025F617 /* ToDoListUITests */,
				CC88E53326A5C00F0025F617 /* Products */,
			);
			sourceTree = "<group>";
		};
		CC88E53326A5C00F0025F617 /* Products */ = {
			isa = PBXGroup;
			children = (
				CC88E53226A5C00F0025F617 /* ToDoList.app */,
				CC88E54B26A5C0170025F617 /* ToDoListTests.xctest */,
				CC88E55626A5C0180025F617 /* ToDoListUITests.xctest */,
			);
			name = Products;
			sourceTree = "<group>";
		};
		CC88E53426A5C00F0025F617 /* ToDoList */ = {
			isa = PBXGroup;
			children = (
				CC88E53526A5C00F0025F617 /* AppDelegate.swift */,
				CC88E53726A5C00F0025F617 /* SceneDelegate.swift */,
				CC88E53B26A5C00F0025F617 /* Main.storyboard */,
				CC88E56A26A5C5D30025F617 /* ToDo.swift */,
				CC88E56826A5C54D0025F617 /* ToDoTableViewController.swift */,
				CC88E54126A5C0170025F617 /* Assets.xcassets */,
				CC88E54326A5C0170025F617 /* LaunchScreen.storyboard */,
				CC88E54626A5C0170025F617 /* Info.plist */,
				CC88E53E26A5C00F0025F617 /* ToDoList.xcdatamodeld */,
			);
			path = ToDoList;
			sourceTree = "<group>";
		};
		CC88E54E26A5C0170025F617 /* ToDoListTests */ = {
			isa = PBXGroup;
			children = (
				CC88E54F26A5C0180025F617 /* ToDoListTests.swift */,
				CC88E55126A5C0180025F617 /* Info.plist */,
			);
			path = ToDoListTests;
			sourceTree = "<group>";
		};
		CC88E55926A5C0180025F617 /* ToDoListUITests */ = {
			isa = PBXGroup;
			children = (
				CC88E55A26A5C0180025F617 /* ToDoListUITests.swift */,
				CC88E55C26A5C0180025F617 /* Info.plist */,
			);
			path = ToDoListUITests;
			sourceTree = "<group>";
		};
/* End PBXGroup section */

/* Begin PBXNativeTarget section */
		CC88E53126A5C00F0025F617 /* ToDoList */ = {
			isa = PBXNativeTarget;
			buildConfigurationList = CC88E55F26A5C0180025F617 /* Build configuration list for PBXNativeTarget "ToDoList" */;
			buildPhases = (
				CC88E52E26A5C00F0025F617 /* Sources */,
				CC88E52F26A5C00F0025F617 /* Frameworks */,
				CC88E53026A5C00F0025F617 /* Resources */,
			);
			buildRules = (
			);
			dependencies = (
			);
			name = ToDoList;
			productName = ToDoList;
			productReference = CC88E53226A5C00F0025F617 /* ToDoList.app */;
			productType = "com.apple.product-type.application";
		};
		CC88E54A26A5C0170025F617 /* ToDoListTests */ = {
			isa = PBXNativeTarget;
			buildConfigurationList = CC88E56226A5C0180025F617 /* Build configuration list for PBXNativeTarget "ToDoListTests" */;
			buildPhases = (
				CC88E54726A5C0170025F617 /* Sources */,
				CC88E54826A5C0170025F617 /* Frameworks */,
				CC88E54926A5C0170025F617 /* Resources */,
			);
			buildRules = (
			);
			dependencies = (
				CC88E54D26A5C0170025F617 /* PBXTargetDependency */,
			);
			name = ToDoListTests;
			productName = ToDoListTests;
			productReference = CC88E54B26A5C0170025F617 /* ToDoListTests.xctest */;
			productType = "com.apple.product-type.bundle.unit-test";
		};
		CC88E55526A5C0180025F617 /* ToDoListUITests */ = {
			isa = PBXNativeTarget;
			buildConfigurationList = CC88E56526A5C0180025F617 /* Build configuration list for PBXNativeTarget "ToDoListUITests" */;
			buildPhases = (
				CC88E55226A5C0180025F617 /* Sources */,
				CC88E55326A5C0180025F617 /* Frameworks */,
				CC88E55426A5C0180025F617 /* Resources */,
			);
			buildRules = (
			);
			dependencies = (
				CC88E55826A5C0180025F617 /* PBXTargetDependency */,
			);
			name = ToDoListUITests;
			productName = ToDoListUITests;
			productReference = CC88E55626A5C0180025F617 /* ToDoListUITests.xctest */;
			productType = "com.apple.product-type.bundle.ui-testing";
		};
/* End PBXNativeTarget section */

/* Begin PBXProject section */
		CC88E52A26A5C00F0025F617 /* Project object */ = {
			isa = PBXProject;
			attributes = {
				LastSwiftUpdateCheck = 1250;
				LastUpgradeCheck = 1250;
				TargetAttributes = {
					CC88E53126A5C00F0025F617 = {
						CreatedOnToolsVersion = 12.5.1;
					};
					CC88E54A26A5C0170025F617 = {
						CreatedOnToolsVersion = 12.5.1;
						TestTargetID = CC88E53126A5C00F0025F617;
					};
					CC88E55526A5C0180025F617 = {
						CreatedOnToolsVersion = 12.5.1;
						TestTargetID = CC88E53126A5C00F0025F617;
					};
				};
			};
			buildConfigurationList = CC88E52D26A5C00F0025F617 /* Build configuration list for PBXProject "ToDoList" */;
			compatibilityVersion = "Xcode 9.3";
			developmentRegion = en;
			hasScannedForEncodings = 0;
			knownRegions = (
				en,
				Base,
			);
			mainGroup = CC88E52926A5C00F0025F617;
			productRefGroup = CC88E53326A5C00F0025F617 /* Products */;
			projectDirPath = "";
			projectRoot = "";
			targets = (
				CC88E53126A5C00F0025F617 /* ToDoList */,
				CC88E54A26A5C0170025F617 /* ToDoListTests */,
				CC88E55526A5C0180025F617 /* ToDoListUITests */,
			);
		};
/* End PBXProject section */

/* Begin PBXResourcesBuildPhase section */
		CC88E53026A5C00F0025F617 /* Resources */ = {
			isa = PBXResourcesBuildPhase;
			buildActionMask = 2147483647;
			files = (
				CC88E54526A5C0170025F617 /* LaunchScreen.storyboard in Resources */,
				CC88E54226A5C0170025F617 /* Assets.xcassets in Resources */,
				CC88E53D26A5C00F0025F617 /* Main.storyboard in Resources */,
			);
			runOnlyForDeploymentPostprocessing = 0;
		};
		CC88E54926A5C0170025F617 /* Resources */ = {
			isa = PBXResourcesBuildPhase;
			buildActionMask = 2147483647;
			files = (
			);
			runOnlyForDeploymentPostprocessing = 0;
		};
		CC88E55426A5C0180025F617 /* Resources */ = {
			isa = PBXResourcesBuildPhase;
			buildActionMask = 2147483647;
			files = (
			);
			runOnlyForDeploymentPostprocessing = 0;
		};
/* End PBXResourcesBuildPhase section */

/* Begin PBXSourcesBuildPhase section */
		CC88E52E26A5C00F0025F617 /* Sources */ = {
			isa = PBXSourcesBuildPhase;
			buildActionMask = 2147483647;
			files = (
				CC88E53626A5C00F0025F617 /* AppDelegate.swift in Sources */,
				CC88E56B26A5C5D30025F617 /* ToDo.swift in Sources */,
				CC88E56926A5C54D0025F617 /* ToDoTableViewController.swift in Sources */,
				CC88E53826A5C00F0025F617 /* SceneDelegate.swift in Sources */,
				CC88E54026A5C00F0025F617 /* ToDoList.xcdatamodeld in Sources */,
			);
			runOnlyForDeploymentPostprocessing = 0;
		};
		CC88E54726A5C0170025F617 /* Sources */ = {
			isa = PBXSourcesBuildPhase;
			buildActionMask = 2147483647;
			files = (
				CC88E55026A5C0180025F617 /* ToDoListTests.swift in Sources */,
			);
			runOnlyForDeploymentPostprocessing = 0;
		};
		CC88E55226A5C0180025F617 /* Sources */ = {
			isa = PBXSourcesBuildPhase;
			buildActionMask = 2147483647;
			files = (
				CC88E55B26A5C0180025F617 /* ToDoListUITests.swift in Sources */,
			);
			runOnlyForDeploymentPostprocessing = 0;
		};
/* End PBXSourcesBuildPhase section */

/* Begin PBXTargetDependency section */
		CC88E54D26A5C0170025F617 /* PBXTargetDependency */ = {
			isa = PBXTargetDependency;
			target = CC88E53126A5C00F0025F617 /* ToDoList */;
			targetProxy = CC88E54C26A5C0170025F617 /* PBXContainerItemProxy */;
		};
		CC88E55826A5C0180025F617 /* PBXTargetDependency */ = {
			isa = PBXTargetDependency;
			target = CC88E53126A5C00F0025F617 /* ToDoList */;
			targetProxy = CC88E55726A5C0180025F617 /* PBXContainerItemProxy */;
		};
/* End PBXTargetDependency section */

/* Begin PBXVariantGroup section */
		CC88E53B26A5C00F0025F617 /* Main.storyboard */ = {
			isa = PBXVariantGroup;
			children = (
				CC88E53C26A5C00F0025F617 /* Base */,
			);
			name = Main.storyboard;
			sourceTree = "<group>";
		};
		CC88E54326A5C0170025F617 /* LaunchScreen.storyboard */ = {
			isa = PBXVariantGroup;
			children = (
				CC88E54426A5C0170025F617 /* Base */,
			);
			name = LaunchScreen.storyboard;
			sourceTree = "<group>";
		};
/* End PBXVariantGroup section */

/* Begin XCBuildConfiguration section */
		CC88E55D26A5C0180025F617 /* Debug */ = {
			isa = XCBuildConfiguration;
			buildSettings = {
				ALWAYS_SEARCH_USER_PATHS = NO;
				CLANG_ANALYZER_NONNULL = YES;
				CLANG_ANALYZER_NUMBER_OBJECT_CONVERSION = YES_AGGRESSIVE;
				CLANG_CXX_LANGUAGE_STANDARD = "gnu++14";
				CLANG_CXX_LIBRARY = "libc++";
				CLANG_ENABLE_MODULES = YES;
				CLANG_ENABLE_OBJC_ARC = YES;
				CLANG_ENABLE_OBJC_WEAK = YES;
				CLANG_WARN_BLOCK_CAPTURE_AUTORELEASING = YES;
				CLANG_WARN_BOOL_CONVERSION = YES;
				CLANG_WARN_COMMA = YES;
				CLANG_WARN_CONSTANT_CONVERSION = YES;
				CLANG_WARN_DEPRECATED_OBJC_IMPLEMENTATIONS = YES;
				CLANG_WARN_DIRECT_OBJC_ISA_USAGE = YES_ERROR;
				CLANG_WARN_DOCUMENTATION_COMMENTS = YES;
				CLANG_WARN_EMPTY_BODY = YES;
				CLANG_WARN_ENUM_CONVERSION = YES;
				CLANG_WARN_INFINITE_RECURSION = YES;
				CLANG_WARN_INT_CONVERSION = YES;
				CLANG_WARN_NON_LITERAL_NULL_CONVERSION = YES;
				CLANG_WARN_OBJC_IMPLICIT_RETAIN_SELF = YES;
				CLANG_WARN_OBJC_LITERAL_CONVERSION = YES;
				CLANG_WARN_OBJC_ROOT_CLASS = YES_ERROR;
				CLANG_WARN_QUOTED_INCLUDE_IN_FRAMEWORK_HEADER = YES;
				CLANG_WARN_RANGE_LOOP_ANALYSIS = YES;
				CLANG_WARN_STRICT_PROTOTYPES = YES;
				CLANG_WARN_SUSPICIOUS_MOVE = YES;
				CLANG_WARN_UNGUARDED_AVAILABILITY = YES_AGGRESSIVE;
				CLANG_WARN_UNREACHABLE_CODE = YES;
				CLANG_WARN__DUPLICATE_METHOD_MATCH = YES;
				COPY_PHASE_STRIP = NO;
				DEBUG_INFORMATION_FORMAT = dwarf;
				ENABLE_STRICT_OBJC_MSGSEND = YES;
				ENABLE_TESTABILITY = YES;
				GCC_C_LANGUAGE_STANDARD = gnu11;
				GCC_DYNAMIC_NO_PIC = NO;
				GCC_NO_COMMON_BLOCKS = YES;
				GCC_OPTIMIZATION_LEVEL = 0;
				GCC_PREPROCESSOR_DEFINITIONS = (
					"DEBUG=1",
					"$(inherited)",
				);
				GCC_WARN_64_TO_32_BIT_CONVERSION = YES;
				GCC_WARN_ABOUT_RETURN_TYPE = YES_ERROR;
				GCC_WARN_UNDECLARED_SELECTOR = YES;
				GCC_WARN_UNINITIALIZED_AUTOS = YES_AGGRESSIVE;
				GCC_WARN_UNUSED_FUNCTION = YES;
				GCC_WARN_UNUSED_VARIABLE = YES;
				IPHONEOS_DEPLOYMENT_TARGET = 14.5;
				MTL_ENABLE_DEBUG_INFO = INCLUDE_SOURCE;
				MTL_FAST_MATH = YES;
				ONLY_ACTIVE_ARCH = YES;
				SDKROOT = iphoneos;
				SWIFT_ACTIVE_COMPILATION_CONDITIONS = DEBUG;
				SWIFT_OPTIMIZATION_LEVEL = "-Onone";
			};
			name = Debug;
		};
		CC88E55E26A5C0180025F617 /* Release */ = {
			isa = XCBuildConfiguration;
			buildSettings = {
				ALWAYS_SEARCH_USER_PATHS = NO;
				CLANG_ANALYZER_NONNULL = YES;
				CLANG_ANALYZER_NUMBER_OBJECT_CONVERSION = YES_AGGRESSIVE;
				CLANG_CXX_LANGUAGE_STANDARD = "gnu++14";
				CLANG_CXX_LIBRARY = "libc++";
				CLANG_ENABLE_MODULES = YES;
				CLANG_ENABLE_OBJC_ARC = YES;
				CLANG_ENABLE_OBJC_WEAK = YES;
				CLANG_WARN_BLOCK_CAPTURE_AUTORELEASING = YES;
				CLANG_WARN_BOOL_CONVERSION = YES;
				CLANG_WARN_COMMA = YES;
				CLANG_WARN_CONSTANT_CONVERSION = YES;
				CLANG_WARN_DEPRECATED_OBJC_IMPLEMENTATIONS = YES;
				CLANG_WARN_DIRECT_OBJC_ISA_USAGE = YES_ERROR;
				CLANG_WARN_DOCUMENTATION_COMMENTS = YES;
				CLANG_WARN_EMPTY_BODY = YES;
				CLANG_WARN_ENUM_CONVERSION = YES;
				CLANG_WARN_INFINITE_RECURSION = YES;
				CLANG_WARN_INT_CONVERSION = YES;
				CLANG_WARN_NON_LITERAL_NULL_CONVERSION = YES;
				CLANG_WARN_OBJC_IMPLICIT_RETAIN_SELF = YES;
				CLANG_WARN_OBJC_LITERAL_CONVERSION = YES;
				CLANG_WARN_OBJC_ROOT_CLASS = YES_ERROR;
				CLANG_WARN_QUOTED_INCLUDE_IN_FRAMEWORK_HEADER = YES;
				CLANG_WARN_RANGE_LOOP_ANALYSIS = YES;
				CLANG_WARN_STRICT_PROTOTYPES = YES;
				CLANG_WARN_SUSPICIOUS_MOVE = YES;
				CLANG_WARN_UNGUARDED_AVAILABILITY = YES_AGGRESSIVE;
				CLANG_WARN_UNREACHABLE_CODE = YES;
				CLANG_WARN__DUPLICATE_METHOD_MATCH = YES;
				COPY_PHASE_STRIP = NO;
				DEBUG_INFORMATION_FORMAT = "dwarf-with-dsym";
				ENABLE_NS_ASSERTIONS = NO;
				ENABLE_STRICT_OBJC_MSGSEND = YES;
				GCC_C_LANGUAGE_STANDARD = gnu11;
				GCC_NO_COMMON_BLOCKS = YES;
				GCC_WARN_64_TO_32_BIT_CONVERSION = YES;
				GCC_WARN_ABOUT_RETURN_TYPE = YES_ERROR;
				GCC_WARN_UNDECLARED_SELECTOR = YES;
				GCC_WARN_UNINITIALIZED_AUTOS = YES_AGGRESSIVE;
				GCC_WARN_UNUSED_FUNCTION = YES;
				GCC_WARN_UNUSED_VARIABLE = YES;
				IPHONEOS_DEPLOYMENT_TARGET = 14.5;
				MTL_ENABLE_DEBUG_INFO = NO;
				MTL_FAST_MATH = YES;
				SDKROOT = iphoneos;
				SWIFT_COMPILATION_MODE = wholemodule;
				SWIFT_OPTIMIZATION_LEVEL = "-O";
				VALIDATE_PRODUCT = YES;
			};
			name = Release;
		};
		CC88E56026A5C0180025F617 /* Debug */ = {
			isa = XCBuildConfiguration;
			buildSettings = {
				ASSETCATALOG_COMPILER_APPICON_NAME = AppIcon;
				ASSETCATALOG_COMPILER_GLOBAL_ACCENT_COLOR_NAME = AccentColor;
				CODE_SIGN_STYLE = Automatic;
				INFOPLIST_FILE = ToDoList/Info.plist;
				LD_RUNPATH_SEARCH_PATHS = (
					"$(inherited)",
					"@executable_path/Frameworks",
				);
				PRODUCT_BUNDLE_IDENTIFIER = KWK.ToDoList;
				PRODUCT_NAME = "$(TARGET_NAME)";
				SWIFT_VERSION = 5.0;
				TARGETED_DEVICE_FAMILY = "1,2";
			};
			name = Debug;
		};
		CC88E56126A5C0180025F617 /* Release */ = {
			isa = XCBuildConfiguration;
			buildSettings = {
				ASSETCATALOG_COMPILER_APPICON_NAME = AppIcon;
				ASSETCATALOG_COMPILER_GLOBAL_ACCENT_COLOR_NAME = AccentColor;
				CODE_SIGN_STYLE = Automatic;
				INFOPLIST_FILE = ToDoList/Info.plist;
				LD_RUNPATH_SEARCH_PATHS = (
					"$(inherited)",
					"@executable_path/Frameworks",
				);
				PRODUCT_BUNDLE_IDENTIFIER = KWK.ToDoList;
				PRODUCT_NAME = "$(TARGET_NAME)";
				SWIFT_VERSION = 5.0;
				TARGETED_DEVICE_FAMILY = "1,2";
			};
			name = Release;
		};
		CC88E56326A5C0180025F617 /* Debug */ = {
			isa = XCBuildConfiguration;
			buildSettings = {
				ALWAYS_EMBED_SWIFT_STANDARD_LIBRARIES = YES;
				BUNDLE_LOADER = "$(TEST_HOST)";
				CODE_SIGN_STYLE = Automatic;
				INFOPLIST_FILE = ToDoListTests/Info.plist;
				IPHONEOS_DEPLOYMENT_TARGET = 14.5;
				LD_RUNPATH_SEARCH_PATHS = (
					"$(inherited)",
					"@executable_path/Frameworks",
					"@loader_path/Frameworks",
				);
				PRODUCT_BUNDLE_IDENTIFIER = KWK.ToDoListTests;
				PRODUCT_NAME = "$(TARGET_NAME)";
				SWIFT_VERSION = 5.0;
				TARGETED_DEVICE_FAMILY = "1,2";
				TEST_HOST = "$(BUILT_PRODUCTS_DIR)/ToDoList.app/ToDoList";
			};
			name = Debug;
		};
		CC88E56426A5C0180025F617 /* Release */ = {
			isa = XCBuildConfiguration;
			buildSettings = {
				ALWAYS_EMBED_SWIFT_STANDARD_LIBRARIES = YES;
				BUNDLE_LOADER = "$(TEST_HOST)";
				CODE_SIGN_STYLE = Automatic;
				INFOPLIST_FILE = ToDoListTests/Info.plist;
				IPHONEOS_DEPLOYMENT_TARGET = 14.5;
				LD_RUNPATH_SEARCH_PATHS = (
					"$(inherited)",
					"@executable_path/Frameworks",
					"@loader_path/Frameworks",
				);
				PRODUCT_BUNDLE_IDENTIFIER = KWK.ToDoListTests;
				PRODUCT_NAME = "$(TARGET_NAME)";
				SWIFT_VERSION = 5.0;
				TARGETED_DEVICE_FAMILY = "1,2";
				TEST_HOST = "$(BUILT_PRODUCTS_DIR)/ToDoList.app/ToDoList";
			};
			name = Release;
		};
		CC88E56626A5C0180025F617 /* Debug */ = {
			isa = XCBuildConfiguration;
			buildSettings = {
				ALWAYS_EMBED_SWIFT_STANDARD_LIBRARIES = YES;
				CODE_SIGN_STYLE = Automatic;
				INFOPLIST_FILE = ToDoListUITests/Info.plist;
				LD_RUNPATH_SEARCH_PATHS = (
					"$(inherited)",
					"@executable_path/Frameworks",
					"@loader_path/Frameworks",
				);
				PRODUCT_BUNDLE_IDENTIFIER = KWK.ToDoListUITests;
				PRODUCT_NAME = "$(TARGET_NAME)";
				SWIFT_VERSION = 5.0;
				TARGETED_DEVICE_FAMILY = "1,2";
				TEST_TARGET_NAME = ToDoList;
			};
			name = Debug;
		};
		CC88E56726A5C0180025F617 /* Release */ = {
			isa = XCBuildConfiguration;
			buildSettings = {
				ALWAYS_EMBED_SWIFT_STANDARD_LIBRARIES = YES;
				CODE_SIGN_STYLE = Automatic;
				INFOPLIST_FILE = ToDoListUITests/Info.plist;
				LD_RUNPATH_SEARCH_PATHS = (
					"$(inherited)",
					"@executable_path/Frameworks",
					"@loader_path/Frameworks",
				);
				PRODUCT_BUNDLE_IDENTIFIER = KWK.ToDoListUITests;
				PRODUCT_NAME = "$(TARGET_NAME)";
				SWIFT_VERSION = 5.0;
				TARGETED_DEVICE_FAMILY = "1,2";
				TEST_TARGET_NAME = ToDoList;
			};
			name = Release;
		};
/* End XCBuildConfiguration section */

/* Begin XCConfigurationList section */
		CC88E52D26A5C00F0025F617 /* Build configuration list for PBXProject "ToDoList" */ = {
			isa = XCConfigurationList;
			buildConfigurations = (
				CC88E55D26A5C0180025F617 /* Debug */,
				CC88E55E26A5C0180025F617 /* Release */,
			);
			defaultConfigurationIsVisible = 0;
			defaultConfigurationName = Release;
		};
		CC88E55F26A5C0180025F617 /* Build configuration list for PBXNativeTarget "ToDoList" */ = {
			isa = XCConfigurationList;
			buildConfigurations = (
				CC88E56026A5C0180025F617 /* Debug */,
				CC88E56126A5C0180025F617 /* Release */,
			);
			defaultConfigurationIsVisible = 0;
			defaultConfigurationName = Release;
		};
		CC88E56226A5C0180025F617 /* Build configuration list for PBXNativeTarget "ToDoListTests" */ = {
			isa = XCConfigurationList;
			buildConfigurations = (
				CC88E56326A5C0180025F617 /* Debug */,
				CC88E56426A5C0180025F617 /* Release */,
			);
			defaultConfigurationIsVisible = 0;
			defaultConfigurationName = Release;
		};
		CC88E56526A5C0180025F617 /* Build configuration list for PBXNativeTarget "ToDoListUITests" */ = {
			isa = XCConfigurationList;
			buildConfigurations = (
				CC88E56626A5C0180025F617 /* Debug */,
				CC88E56726A5C0180025F617 /* Release */,
			);
			defaultConfigurationIsVisible = 0;
			defaultConfigurationName = Release;
		};
/* End XCConfigurationList section */

/* Begin XCVersionGroup section */
		CC88E53E26A5C00F0025F617 /* ToDoList.xcdatamodeld */ = {
			isa = XCVersionGroup;
			children = (
				CC88E53F26A5C00F0025F617 /* ToDoList.xcdatamodel */,
			);
			currentVersion = CC88E53F26A5C00F0025F617 /* ToDoList.xcdatamodel */;
			path = ToDoList.xcdatamodeld;
			sourceTree = "<group>";
			versionGroupType = wrapper.xcdatamodel;
		};
/* End XCVersionGroup section */
	};
	rootObject = CC88E52A26A5C00F0025F617 /* Project object */;
}
